
Microsoft Visual Studio Solution File, Format Version 12.00
# Visual Studio Version 17
VisualStudioVersion = 17.0.32126.317
MinimumVisualStudioVersion = 10.0.40219.1
Project("{FAE04EC0-301F-11D3-BF4B-00C04F79EFBC}") = "1_Zmienne", "1_Zmienne\1_Zmienne.csproj", "{4645B431-5CB2-459E-B728-A2189E9F26BF}"
EndProject
Project("{FAE04EC0-301F-11D3-BF4B-00C04F79EFBC}") = "2_Var", "2_Var\2_Var.csproj", "{A3033DE4-0B2C-41BF-953C-ABCE090FA517}"
EndProject
Project("{FAE04EC0-301F-11D3-BF4B-00C04F79EFBC}") = "3_ZasiegZmiennych", "3_ZasiegZmiennych\3_ZasiegZmiennych.csproj", "{E2DF8D2A-A77B-4A41-87A5-9E6D42EA62BA}"
EndProject
Project("{FAE04EC0-301F-11D3-BF4B-00C04F79EFBC}") = "4_Stale", "4_Stale\4_Stale.csproj", "{749563AE-4741-44C2-AC30-CF513D0C4E98}"
EndProject
Project("{FAE04EC0-301F-11D3-BF4B-00C04F79EFBC}") = "5_Operatory", "5_Operatory\5_Operatory.csproj", "{CE708044-7EC9-45F2-BE0B-E9DC0D2C3B6D}"
EndProject
Project("{FAE04EC0-301F-11D3-BF4B-00C04F79EFBC}") = "6_Komentarze", "Komentarze\6_Komentarze.csproj", "{800A67C6-11A2-4188-AAA8-1CC6A82146A2}"
EndProject
Project("{FAE04EC0-301F-11D3-BF4B-00C04F79EFBC}") = "7_IF", "7_IF\7_IF.csproj", "{DE207621-AC4B-4888-941A-8E0BFD029EDE}"
EndProject
Project("{FAE04EC0-301F-11D3-BF4B-00C04F79EFBC}") = "8_Switch", "8_Switch\8_Switch.csproj", "{995A5E0B-BBC8-4B4E-96A3-0293493FEFA8}"
EndProject
Project("{FAE04EC0-301F-11D3-BF4B-00C04F79EFBC}") = "9_Petle", "9_Petle\9_Petle.csproj", "{8ECAEB2E-BFD3-444D-B4BA-16EE6FA9D62D}"
EndProject
Project("{FAE04EC0-301F-11D3-BF4B-00C04F79EFBC}") = "10_InstrukcjeSkoku", "10_InstrukcjeSkoku\10_InstrukcjeSkoku.csproj", "{449A73EA-27EF-4517-A1DB-99C8C9660AB8}"
EndProject
Project("{FAE04EC0-301F-11D3-BF4B-00C04F79EFBC}") = "11_Kolekcje", "11_Kolekcje\11_Kolekcje.csproj", "{29349C93-A0F8-434E-90DC-B85544C9AE8C}"
EndProject
Project("{FAE04EC0-301F-11D3-BF4B-00C04F79EFBC}") = "12_Lista", "12_Lista\12_Lista.csproj", "{F01B6CBE-A3B8-4EB8-A7BC-C14D2524BD66}"
EndProject
Project("{FAE04EC0-301F-11D3-BF4B-00C04F79EFBC}") = "13_Enum", "13_Enum\13_Enum.csproj", "{553BD0FC-865F-4C3E-BC61-185E223DBC4D}"
EndProject
Project("{2150E333-8FDC-42A3-9474-1A3956D46DE8}") = "ElementarzProgramowania", "ElementarzProgramowania", "{27F86CF6-18B6-4D00-8F18-D13A41BAEEF2}"
EndProject
Project("{2150E333-8FDC-42A3-9474-1A3956D46DE8}") = "KlasyIObiektyCSharp", "KlasyIObiektyCSharp", "{6151005B-6F09-4213-A364-78ABA909A407}"
EndProject
Global
	GlobalSection(SolutionConfigurationPlatforms) = preSolution
		Debug|Any CPU = Debug|Any CPU
		Release|Any CPU = Release|Any CPU
	EndGlobalSection
	GlobalSection(ProjectConfigurationPlatforms) = postSolution
		{4645B431-5CB2-459E-B728-A2189E9F26BF}.Debug|Any CPU.ActiveCfg = Debug|Any CPU
		{4645B431-5CB2-459E-B728-A2189E9F26BF}.Debug|Any CPU.Build.0 = Debug|Any CPU
		{4645B431-5CB2-459E-B728-A2189E9F26BF}.Release|Any CPU.ActiveCfg = Release|Any CPU
		{4645B431-5CB2-459E-B728-A2189E9F26BF}.Release|Any CPU.Build.0 = Release|Any CPU
		{A3033DE4-0B2C-41BF-953C-ABCE090FA517}.Debug|Any CPU.ActiveCfg = Debug|Any CPU
		{A3033DE4-0B2C-41BF-953C-ABCE090FA517}.Debug|Any CPU.Build.0 = Debug|Any CPU
		{A3033DE4-0B2C-41BF-953C-ABCE090FA517}.Release|Any CPU.ActiveCfg = Release|Any CPU
		{A3033DE4-0B2C-41BF-953C-ABCE090FA517}.Release|Any CPU.Build.0 = Release|Any CPU
		{E2DF8D2A-A77B-4A41-87A5-9E6D42EA62BA}.Debug|Any CPU.ActiveCfg = Debug|Any CPU
		{E2DF8D2A-A77B-4A41-87A5-9E6D42EA62BA}.Debug|Any CPU.Build.0 = Debug|Any CPU
		{E2DF8D2A-A77B-4A41-87A5-9E6D42EA62BA}.Release|Any CPU.ActiveCfg = Release|Any CPU
		{E2DF8D2A-A77B-4A41-87A5-9E6D42EA62BA}.Release|Any CPU.Build.0 = Release|Any CPU
		{749563AE-4741-44C2-AC30-CF513D0C4E98}.Debug|Any CPU.ActiveCfg = Debug|Any CPU
		{749563AE-4741-44C2-AC30-CF513D0C4E98}.Debug|Any CPU.Build.0 = Debug|Any CPU
		{749563AE-4741-44C2-AC30-CF513D0C4E98}.Release|Any CPU.ActiveCfg = Release|Any CPU
		{749563AE-4741-44C2-AC30-CF513D0C4E98}.Release|Any CPU.Build.0 = Release|Any CPU
		{CE708044-7EC9-45F2-BE0B-E9DC0D2C3B6D}.Debug|Any CPU.ActiveCfg = Debug|Any CPU
		{CE708044-7EC9-45F2-BE0B-E9DC0D2C3B6D}.Debug|Any CPU.Build.0 = Debug|Any CPU
		{CE708044-7EC9-45F2-BE0B-E9DC0D2C3B6D}.Release|Any CPU.ActiveCfg = Release|Any CPU
		{CE708044-7EC9-45F2-BE0B-E9DC0D2C3B6D}.Release|Any CPU.Build.0 = Release|Any CPU
		{800A67C6-11A2-4188-AAA8-1CC6A82146A2}.Debug|Any CPU.ActiveCfg = Debug|Any CPU
		{800A67C6-11A2-4188-AAA8-1CC6A82146A2}.Debug|Any CPU.Build.0 = Debug|Any CPU
		{800A67C6-11A2-4188-AAA8-1CC6A82146A2}.Release|Any CPU.ActiveCfg = Release|Any CPU
		{800A67C6-11A2-4188-AAA8-1CC6A82146A2}.Release|Any CPU.Build.0 = Release|Any CPU
		{DE207621-AC4B-4888-941A-8E0BFD029EDE}.Debug|Any CPU.ActiveCfg = Debug|Any CPU
		{DE207621-AC4B-4888-941A-8E0BFD029EDE}.Debug|Any CPU.Build.0 = Debug|Any CPU
		{DE207621-AC4B-4888-941A-8E0BFD029EDE}.Release|Any CPU.ActiveCfg = Release|Any CPU
		{DE207621-AC4B-4888-941A-8E0BFD029EDE}.Release|Any CPU.Build.0 = Release|Any CPU
		{995A5E0B-BBC8-4B4E-96A3-0293493FEFA8}.Debug|Any CPU.ActiveCfg = Debug|Any CPU
		{995A5E0B-BBC8-4B4E-96A3-0293493FEFA8}.Debug|Any CPU.Build.0 = Debug|Any CPU
		{995A5E0B-BBC8-4B4E-96A3-0293493FEFA8}.Release|Any CPU.ActiveCfg = Release|Any CPU
		{995A5E0B-BBC8-4B4E-96A3-0293493FEFA8}.Release|Any CPU.Build.0 = Release|Any CPU
		{8ECAEB2E-BFD3-444D-B4BA-16EE6FA9D62D}.Debug|Any CPU.ActiveCfg = Debug|Any CPU
		{8ECAEB2E-BFD3-444D-B4BA-16EE6FA9D62D}.Debug|Any CPU.Build.0 = Debug|Any CPU
		{8ECAEB2E-BFD3-444D-B4BA-16EE6FA9D62D}.Release|Any CPU.ActiveCfg = Release|Any CPU
		{8ECAEB2E-BFD3-444D-B4BA-16EE6FA9D62D}.Release|Any CPU.Build.0 = Release|Any CPU
		{449A73EA-27EF-4517-A1DB-99C8C9660AB8}.Debug|Any CPU.ActiveCfg = Debug|Any CPU
		{449A73EA-27EF-4517-A1DB-99C8C9660AB8}.Debug|Any CPU.Build.0 = Debug|Any CPU
		{449A73EA-27EF-4517-A1DB-99C8C9660AB8}.Release|Any CPU.ActiveCfg = Release|Any CPU
		{449A73EA-27EF-4517-A1DB-99C8C9660AB8}.Release|Any CPU.Build.0 = Release|Any CPU
		{29349C93-A0F8-434E-90DC-B85544C9AE8C}.Debug|Any CPU.ActiveCfg = Debug|Any CPU
		{29349C93-A0F8-434E-90DC-B85544C9AE8C}.Debug|Any CPU.Build.0 = Debug|Any CPU
		{29349C93-A0F8-434E-90DC-B85544C9AE8C}.Release|Any CPU.ActiveCfg = Release|Any CPU
		{29349C93-A0F8-434E-90DC-B85544C9AE8C}.Release|Any CPU.Build.0 = Release|Any CPU
		{F01B6CBE-A3B8-4EB8-A7BC-C14D2524BD66}.Debug|Any CPU.ActiveCfg = Debug|Any CPU
		{F01B6CBE-A3B8-4EB8-A7BC-C14D2524BD66}.Debug|Any CPU.Build.0 = Debug|Any CPU
		{F01B6CBE-A3B8-4EB8-A7BC-C14D2524BD66}.Release|Any CPU.ActiveCfg = Release|Any CPU
		{F01B6CBE-A3B8-4EB8-A7BC-C14D2524BD66}.Release|Any CPU.Build.0 = Release|Any CPU
		{553BD0FC-865F-4C3E-BC61-185E223DBC4D}.Debug|Any CPU.ActiveCfg = Debug|Any CPU
		{553BD0FC-865F-4C3E-BC61-185E223DBC4D}.Debug|Any CPU.Build.0 = Debug|Any CPU
		{553BD0FC-865F-4C3E-BC61-185E223DBC4D}.Release|Any CPU.ActiveCfg = Release|Any CPU
		{553BD0FC-865F-4C3E-BC61-185E223DBC4D}.Release|Any CPU.Build.0 = Release|Any CPU
	EndGlobalSection
	GlobalSection(SolutionProperties) = preSolution
		HideSolutionNode = FALSE
	EndGlobalSection
	GlobalSection(NestedProjects) = preSolution
		{4645B431-5CB2-459E-B728-A2189E9F26BF} = {27F86CF6-18B6-4D00-8F18-D13A41BAEEF2}
		{A3033DE4-0B2C-41BF-953C-ABCE090FA517} = {27F86CF6-18B6-4D00-8F18-D13A41BAEEF2}
		{E2DF8D2A-A77B-4A41-87A5-9E6D42EA62BA} = {27F86CF6-18B6-4D00-8F18-D13A41BAEEF2}
		{749563AE-4741-44C2-AC30-CF513D0C4E98} = {27F86CF6-18B6-4D00-8F18-D13A41BAEEF2}
		{CE708044-7EC9-45F2-BE0B-E9DC0D2C3B6D} = {27F86CF6-18B6-4D00-8F18-D13A41BAEEF2}
		{800A67C6-11A2-4188-AAA8-1CC6A82146A2} = {27F86CF6-18B6-4D00-8F18-D13A41BAEEF2}
		{DE207621-AC4B-4888-941A-8E0BFD029EDE} = {27F86CF6-18B6-4D00-8F18-D13A41BAEEF2}
		{995A5E0B-BBC8-4B4E-96A3-0293493FEFA8} = {27F86CF6-18B6-4D00-8F18-D13A41BAEEF2}
		{8ECAEB2E-BFD3-444D-B4BA-16EE6FA9D62D} = {27F86CF6-18B6-4D00-8F18-D13A41BAEEF2}
		{449A73EA-27EF-4517-A1DB-99C8C9660AB8} = {27F86CF6-18B6-4D00-8F18-D13A41BAEEF2}
		{29349C93-A0F8-434E-90DC-B85544C9AE8C} = {27F86CF6-18B6-4D00-8F18-D13A41BAEEF2}
		{F01B6CBE-A3B8-4EB8-A7BC-C14D2524BD66} = {27F86CF6-18B6-4D00-8F18-D13A41BAEEF2}
		{553BD0FC-865F-4C3E-BC61-185E223DBC4D} = {27F86CF6-18B6-4D00-8F18-D13A41BAEEF2}
	EndGlobalSection
	GlobalSection(ExtensibilityGlobals) = postSolution
		SolutionGuid = {E1E0AF98-5B14-4A2F-9F96-807F03C92E3C}
	EndGlobalSection
EndGlobal
